<?xml version="1.0" encoding="utf-8"?>
<Project ToolsVersion="4.0" xmlns="http://schemas.microsoft.com/developer/msbuild/2003">
  <ItemGroup>
    <Filter Include="Source Files">
      <UniqueIdentifier>{4FC737F1-C7A5-4376-A066-2A32D752A2FF}</UniqueIdentifier>
      <Extensions>cpp;c;cc;cxx;def;odl;idl;hpj;bat;asm;asmx</Extensions>
    </Filter>
    <Filter Include="Header Files">
      <UniqueIdentifier>{93995380-89BD-4b04-88EB-625FBE52EBFB}</UniqueIdentifier>
      <Extensions>h;hpp;hxx;hm;inl;inc;xsd</Extensions>
    </Filter>
    <Filter Include="GameMain">
      <UniqueIdentifier>{7ab73d91-eedc-40de-a154-738ad9becd43}</UniqueIdentifier>
    </Filter>
    <Filter Include="Precompile">
      <UniqueIdentifier>{e749cc5d-eb49-47a4-85af-c32869b92539}</UniqueIdentifier>
    </Filter>
  </ItemGroup>
  <ItemGroup>
    <ClCompile Include="FeatherXWindow.cpp">
      <Filter>Source Files</Filter>
    </ClCompile>
    <ClCompile Include="GameMain\GameMain.cpp">
      <Filter>GameMain</Filter>
    </ClCompile>
    <ClCompile Include="FeatherXWindowPrecompile.cpp">
      <Filter>Precompile</Filter>
    </ClCompile>
  </ItemGroup>
  <ItemGroup>
    <ClInclude Include="GameMain\GameMain.h">
      <Filter>GameMain</Filter>
    </ClInclude>
    <ClInclude Include="FeatherXWindowPrecompile.h">
      <Filter>Precompile</Filter>
    </ClInclude>
  </ItemGroup>
</Project>