
Microsoft Visual Studio Solution File, Format Version 11.00
# Visual Studio 2010
Project("{8BC9CEB8-8B4A-11D0-8D11-00A0C91BC942}") = "FeatherXWindow", "FeatherXWindow\FeatherXWindow.vcxproj", "{4DC46726-CCC6-4F12-9557-032560CA83D6}"
	ProjectSection(ProjectDependencies) = postProject
		{9E62C311-734B-49CF-92D0-AC8466BE68C8} = {9E62C311-734B-49CF-92D0-AC8466BE68C8}
	EndProjectSection
EndProject
Project("{8BC9CEB8-8B4A-11D0-8D11-00A0C91BC942}") = "FeatherXEngine", "FeatherXEngine\FeatherXEngine.vcxproj", "{35E232F3-6327-4138-8955-866AAF0E437E}"
EndProject
Project("{8BC9CEB8-8B4A-11D0-8D11-00A0C91BC942}") = "FeatherXBase", "FeatherXBase\FeatherXBase.vcxproj", "{D83C6481-4E57-4156-97D0-51171945BD5F}"
EndProject
Project("{8BC9CEB8-8B4A-11D0-8D11-00A0C91BC942}") = "FeatherXEngineCommon", "FeatherXEngineCommon\FeatherXEngineCommon.vcxproj", "{95E68D5D-6684-463B-A001-67C014D1C0DD}"
EndProject
Project("{8BC9CEB8-8B4A-11D0-8D11-00A0C91BC942}") = "clock", "clock\clock.vcxproj", "{AC5BD758-2020-4341-8942-468661E587F6}"
EndProject
Project("{8BC9CEB8-8B4A-11D0-8D11-00A0C91BC942}") = "FeatherXClient", "FeatherXClient\FeatherXClient.vcxproj", "{FE94C767-C65B-4044-9CA8-6170D4E552C3}"
EndProject
Project("{8BC9CEB8-8B4A-11D0-8D11-00A0C91BC942}") = "FeatherXFile", "FeatherXFile\FeatherXFile.vcxproj", "{B5A12A66-B459-457B-AC22-09891FB6DB5F}"
EndProject
Project("{8BC9CEB8-8B4A-11D0-8D11-00A0C91BC942}") = "FeatherXPhysX", "FeatherXPhysX\FeatherXPhysX.vcxproj", "{9E62C311-734B-49CF-92D0-AC8466BE68C8}"
EndProject
Project("{8BC9CEB8-8B4A-11D0-8D11-00A0C91BC942}") = "FeatherXZlib", "FeatherXZlib\FeatherXZlib.vcxproj", "{9E049CDD-93D2-4AF6-935E-F8D4A5B3A8A7}"
EndProject
Global
	GlobalSection(SolutionConfigurationPlatforms) = preSolution
		Debug_CLR|Win32 = Debug_CLR|Win32
		Debug_CLR|x64 = Debug_CLR|x64
		Debug_Package|Win32 = Debug_Package|Win32
		Debug_Package|x64 = Debug_Package|x64
		Debug_Profile|Win32 = Debug_Profile|Win32
		Debug_Profile|x64 = Debug_Profile|x64
		Debug_Server_Windy|Win32 = Debug_Server_Windy|Win32
		Debug_Server_Windy|x64 = Debug_Server_Windy|x64
		Debug_Windy|Win32 = Debug_Windy|Win32
		Debug_Windy|x64 = Debug_Windy|x64
		Debug|Win32 = Debug|Win32
		Debug|x64 = Debug|x64
		Hybrid|Win32 = Hybrid|Win32
		Hybrid|x64 = Hybrid|x64
		Release_CLR|Win32 = Release_CLR|Win32
		Release_CLR|x64 = Release_CLR|x64
		Release_Package|Win32 = Release_Package|Win32
		Release_Package|x64 = Release_Package|x64
		Release_Profile|Win32 = Release_Profile|Win32
		Release_Profile|x64 = Release_Profile|x64
		Release_Server_Windy|Win32 = Release_Server_Windy|Win32
		Release_Server_Windy|x64 = Release_Server_Windy|x64
		Release_Windy|Win32 = Release_Windy|Win32
		Release_Windy|x64 = Release_Windy|x64
		Release|Win32 = Release|Win32
		Release|x64 = Release|x64
		Template|Win32 = Template|Win32
		Template|x64 = Template|x64
	EndGlobalSection
	GlobalSection(ProjectConfigurationPlatforms) = postSolution
		{4DC46726-CCC6-4F12-9557-032560CA83D6}.Debug_CLR|Win32.ActiveCfg = Debug|Win32
		{4DC46726-CCC6-4F12-9557-032560CA83D6}.Debug_CLR|Win32.Build.0 = Debug|Win32
		{4DC46726-CCC6-4F12-9557-032560CA83D6}.Debug_CLR|x64.ActiveCfg = Debug|Win32
		{4DC46726-CCC6-4F12-9557-032560CA83D6}.Debug_Package|Win32.ActiveCfg = Debug|Win32
		{4DC46726-CCC6-4F12-9557-032560CA83D6}.Debug_Package|Win32.Build.0 = Debug|Win32
		{4DC46726-CCC6-4F12-9557-032560CA83D6}.Debug_Package|x64.ActiveCfg = Debug|Win32
		{4DC46726-CCC6-4F12-9557-032560CA83D6}.Debug_Profile|Win32.ActiveCfg = Debug|Win32
		{4DC46726-CCC6-4F12-9557-032560CA83D6}.Debug_Profile|Win32.Build.0 = Debug|Win32
		{4DC46726-CCC6-4F12-9557-032560CA83D6}.Debug_Profile|x64.ActiveCfg = Debug|Win32
		{4DC46726-CCC6-4F12-9557-032560CA83D6}.Debug_Server_Windy|Win32.ActiveCfg = Debug|Win32
		{4DC46726-CCC6-4F12-9557-032560CA83D6}.Debug_Server_Windy|Win32.Build.0 = Debug|Win32
		{4DC46726-CCC6-4F12-9557-032560CA83D6}.Debug_Server_Windy|x64.ActiveCfg = Debug|Win32
		{4DC46726-CCC6-4F12-9557-032560CA83D6}.Debug_Windy|Win32.ActiveCfg = Debug|Win32
		{4DC46726-CCC6-4F12-9557-032560CA83D6}.Debug_Windy|Win32.Build.0 = Debug|Win32
		{4DC46726-CCC6-4F12-9557-032560CA83D6}.Debug_Windy|x64.ActiveCfg = Debug|Win32
		{4DC46726-CCC6-4F12-9557-032560CA83D6}.Debug|Win32.ActiveCfg = Debug|Win32
		{4DC46726-CCC6-4F12-9557-032560CA83D6}.Debug|Win32.Build.0 = Debug|Win32
		{4DC46726-CCC6-4F12-9557-032560CA83D6}.Debug|x64.ActiveCfg = Debug|Win32
		{4DC46726-CCC6-4F12-9557-032560CA83D6}.Hybrid|Win32.ActiveCfg = Release|Win32
		{4DC46726-CCC6-4F12-9557-032560CA83D6}.Hybrid|Win32.Build.0 = Release|Win32
		{4DC46726-CCC6-4F12-9557-032560CA83D6}.Hybrid|x64.ActiveCfg = Release|Win32
		{4DC46726-CCC6-4F12-9557-032560CA83D6}.Release_CLR|Win32.ActiveCfg = Release|Win32
		{4DC46726-CCC6-4F12-9557-032560CA83D6}.Release_CLR|Win32.Build.0 = Release|Win32
		{4DC46726-CCC6-4F12-9557-032560CA83D6}.Release_CLR|x64.ActiveCfg = Release|Win32
		{4DC46726-CCC6-4F12-9557-032560CA83D6}.Release_Package|Win32.ActiveCfg = Release|Win32
		{4DC46726-CCC6-4F12-9557-032560CA83D6}.Release_Package|Win32.Build.0 = Release|Win32
		{4DC46726-CCC6-4F12-9557-032560CA83D6}.Release_Package|x64.ActiveCfg = Release|Win32
		{4DC46726-CCC6-4F12-9557-032560CA83D6}.Release_Profile|Win32.ActiveCfg = Release|Win32
		{4DC46726-CCC6-4F12-9557-032560CA83D6}.Release_Profile|Win32.Build.0 = Release|Win32
		{4DC46726-CCC6-4F12-9557-032560CA83D6}.Release_Profile|x64.ActiveCfg = Release|Win32
		{4DC46726-CCC6-4F12-9557-032560CA83D6}.Release_Server_Windy|Win32.ActiveCfg = Release|Win32
		{4DC46726-CCC6-4F12-9557-032560CA83D6}.Release_Server_Windy|Win32.Build.0 = Release|Win32
		{4DC46726-CCC6-4F12-9557-032560CA83D6}.Release_Server_Windy|x64.ActiveCfg = Release|Win32
		{4DC46726-CCC6-4F12-9557-032560CA83D6}.Release_Windy|Win32.ActiveCfg = Release|Win32
		{4DC46726-CCC6-4F12-9557-032560CA83D6}.Release_Windy|Win32.Build.0 = Release|Win32
		{4DC46726-CCC6-4F12-9557-032560CA83D6}.Release_Windy|x64.ActiveCfg = Release|Win32
		{4DC46726-CCC6-4F12-9557-032560CA83D6}.Release|Win32.ActiveCfg = Release|Win32
		{4DC46726-CCC6-4F12-9557-032560CA83D6}.Release|Win32.Build.0 = Release|Win32
		{4DC46726-CCC6-4F12-9557-032560CA83D6}.Release|x64.ActiveCfg = Release|Win32
		{4DC46726-CCC6-4F12-9557-032560CA83D6}.Template|Win32.ActiveCfg = Release|Win32
		{4DC46726-CCC6-4F12-9557-032560CA83D6}.Template|Win32.Build.0 = Release|Win32
		{4DC46726-CCC6-4F12-9557-032560CA83D6}.Template|x64.ActiveCfg = Release|Win32
		{35E232F3-6327-4138-8955-866AAF0E437E}.Debug_CLR|Win32.ActiveCfg = Debug|Win32
		{35E232F3-6327-4138-8955-866AAF0E437E}.Debug_CLR|Win32.Build.0 = Debug|Win32
		{35E232F3-6327-4138-8955-866AAF0E437E}.Debug_CLR|x64.ActiveCfg = Debug|Win32
		{35E232F3-6327-4138-8955-866AAF0E437E}.Debug_Package|Win32.ActiveCfg = Debug|Win32
		{35E232F3-6327-4138-8955-866AAF0E437E}.Debug_Package|Win32.Build.0 = Debug|Win32
		{35E232F3-6327-4138-8955-866AAF0E437E}.Debug_Package|x64.ActiveCfg = Debug|Win32
		{35E232F3-6327-4138-8955-866AAF0E437E}.Debug_Profile|Win32.ActiveCfg = Debug|Win32
		{35E232F3-6327-4138-8955-866AAF0E437E}.Debug_Profile|Win32.Build.0 = Debug|Win32
		{35E232F3-6327-4138-8955-866AAF0E437E}.Debug_Profile|x64.ActiveCfg = Debug|Win32
		{35E232F3-6327-4138-8955-866AAF0E437E}.Debug_Server_Windy|Win32.ActiveCfg = Debug|Win32
		{35E232F3-6327-4138-8955-866AAF0E437E}.Debug_Server_Windy|Win32.Build.0 = Debug|Win32
		{35E232F3-6327-4138-8955-866AAF0E437E}.Debug_Server_Windy|x64.ActiveCfg = Debug|Win32
		{35E232F3-6327-4138-8955-866AAF0E437E}.Debug_Windy|Win32.ActiveCfg = Debug|Win32
		{35E232F3-6327-4138-8955-866AAF0E437E}.Debug_Windy|Win32.Build.0 = Debug|Win32
		{35E232F3-6327-4138-8955-866AAF0E437E}.Debug_Windy|x64.ActiveCfg = Debug|Win32
		{35E232F3-6327-4138-8955-866AAF0E437E}.Debug|Win32.ActiveCfg = Debug|Win32
		{35E232F3-6327-4138-8955-866AAF0E437E}.Debug|Win32.Build.0 = Debug|Win32
		{35E232F3-6327-4138-8955-866AAF0E437E}.Debug|x64.ActiveCfg = Debug|Win32
		{35E232F3-6327-4138-8955-866AAF0E437E}.Hybrid|Win32.ActiveCfg = Release|Win32
		{35E232F3-6327-4138-8955-866AAF0E437E}.Hybrid|Win32.Build.0 = Release|Win32
		{35E232F3-6327-4138-8955-866AAF0E437E}.Hybrid|x64.ActiveCfg = Release|Win32
		{35E232F3-6327-4138-8955-866AAF0E437E}.Release_CLR|Win32.ActiveCfg = Release|Win32
		{35E232F3-6327-4138-8955-866AAF0E437E}.Release_CLR|Win32.Build.0 = Release|Win32
		{35E232F3-6327-4138-8955-866AAF0E437E}.Release_CLR|x64.ActiveCfg = Release|Win32
		{35E232F3-6327-4138-8955-866AAF0E437E}.Release_Package|Win32.ActiveCfg = Release|Win32
		{35E232F3-6327-4138-8955-866AAF0E437E}.Release_Package|Win32.Build.0 = Release|Win32
		{35E232F3-6327-4138-8955-866AAF0E437E}.Release_Package|x64.ActiveCfg = Release|Win32
		{35E232F3-6327-4138-8955-866AAF0E437E}.Release_Profile|Win32.ActiveCfg = Release|Win32
		{35E232F3-6327-4138-8955-866AAF0E437E}.Release_Profile|Win32.Build.0 = Release|Win32
		{35E232F3-6327-4138-8955-866AAF0E437E}.Release_Profile|x64.ActiveCfg = Release|Win32
		{35E232F3-6327-4138-8955-866AAF0E437E}.Release_Server_Windy|Win32.ActiveCfg = Release|Win32
		{35E232F3-6327-4138-8955-866AAF0E437E}.Release_Server_Windy|Win32.Build.0 = Release|Win32
		{35E232F3-6327-4138-8955-866AAF0E437E}.Release_Server_Windy|x64.ActiveCfg = Release|Win32
		{35E232F3-6327-4138-8955-866AAF0E437E}.Release_Windy|Win32.ActiveCfg = Release|Win32
		{35E232F3-6327-4138-8955-866AAF0E437E}.Release_Windy|Win32.Build.0 = Release|Win32
		{35E232F3-6327-4138-8955-866AAF0E437E}.Release_Windy|x64.ActiveCfg = Release|Win32
		{35E232F3-6327-4138-8955-866AAF0E437E}.Release|Win32.ActiveCfg = Release|Win32
		{35E232F3-6327-4138-8955-866AAF0E437E}.Release|Win32.Build.0 = Release|Win32
		{35E232F3-6327-4138-8955-866AAF0E437E}.Release|x64.ActiveCfg = Release|Win32
		{35E232F3-6327-4138-8955-866AAF0E437E}.Template|Win32.ActiveCfg = Release|Win32
		{35E232F3-6327-4138-8955-866AAF0E437E}.Template|Win32.Build.0 = Release|Win32
		{35E232F3-6327-4138-8955-866AAF0E437E}.Template|x64.ActiveCfg = Release|Win32
		{D83C6481-4E57-4156-97D0-51171945BD5F}.Debug_CLR|Win32.ActiveCfg = Debug|Win32
		{D83C6481-4E57-4156-97D0-51171945BD5F}.Debug_CLR|Win32.Build.0 = Debug|Win32
		{D83C6481-4E57-4156-97D0-51171945BD5F}.Debug_CLR|x64.ActiveCfg = Debug|Win32
		{D83C6481-4E57-4156-97D0-51171945BD5F}.Debug_Package|Win32.ActiveCfg = Debug|Win32
		{D83C6481-4E57-4156-97D0-51171945BD5F}.Debug_Package|Win32.Build.0 = Debug|Win32
		{D83C6481-4E57-4156-97D0-51171945BD5F}.Debug_Package|x64.ActiveCfg = Debug|Win32
		{D83C6481-4E57-4156-97D0-51171945BD5F}.Debug_Profile|Win32.ActiveCfg = Debug|Win32
		{D83C6481-4E57-4156-97D0-51171945BD5F}.Debug_Profile|Win32.Build.0 = Debug|Win32
		{D83C6481-4E57-4156-97D0-51171945BD5F}.Debug_Profile|x64.ActiveCfg = Debug|Win32
		{D83C6481-4E57-4156-97D0-51171945BD5F}.Debug_Server_Windy|Win32.ActiveCfg = Debug|Win32
		{D83C6481-4E57-4156-97D0-51171945BD5F}.Debug_Server_Windy|Win32.Build.0 = Debug|Win32
		{D83C6481-4E57-4156-97D0-51171945BD5F}.Debug_Server_Windy|x64.ActiveCfg = Debug|Win32
		{D83C6481-4E57-4156-97D0-51171945BD5F}.Debug_Windy|Win32.ActiveCfg = Debug|Win32
		{D83C6481-4E57-4156-97D0-51171945BD5F}.Debug_Windy|Win32.Build.0 = Debug|Win32
		{D83C6481-4E57-4156-97D0-51171945BD5F}.Debug_Windy|x64.ActiveCfg = Debug|Win32
		{D83C6481-4E57-4156-97D0-51171945BD5F}.Debug|Win32.ActiveCfg = Debug|Win32
		{D83C6481-4E57-4156-97D0-51171945BD5F}.Debug|Win32.Build.0 = Debug|Win32
		{D83C6481-4E57-4156-97D0-51171945BD5F}.Debug|x64.ActiveCfg = Debug|Win32
		{D83C6481-4E57-4156-97D0-51171945BD5F}.Hybrid|Win32.ActiveCfg = Release|Win32
		{D83C6481-4E57-4156-97D0-51171945BD5F}.Hybrid|Win32.Build.0 = Release|Win32
		{D83C6481-4E57-4156-97D0-51171945BD5F}.Hybrid|x64.ActiveCfg = Release|Win32
		{D83C6481-4E57-4156-97D0-51171945BD5F}.Release_CLR|Win32.ActiveCfg = Release|Win32
		{D83C6481-4E57-4156-97D0-51171945BD5F}.Release_CLR|Win32.Build.0 = Release|Win32
		{D83C6481-4E57-4156-97D0-51171945BD5F}.Release_CLR|x64.ActiveCfg = Release|Win32
		{D83C6481-4E57-4156-97D0-51171945BD5F}.Release_Package|Win32.ActiveCfg = Release|Win32
		{D83C6481-4E57-4156-97D0-51171945BD5F}.Release_Package|Win32.Build.0 = Release|Win32
		{D83C6481-4E57-4156-97D0-51171945BD5F}.Release_Package|x64.ActiveCfg = Release|Win32
		{D83C6481-4E57-4156-97D0-51171945BD5F}.Release_Profile|Win32.ActiveCfg = Release|Win32
		{D83C6481-4E57-4156-97D0-51171945BD5F}.Release_Profile|Win32.Build.0 = Release|Win32
		{D83C6481-4E57-4156-97D0-51171945BD5F}.Release_Profile|x64.ActiveCfg = Release|Win32
		{D83C6481-4E57-4156-97D0-51171945BD5F}.Release_Server_Windy|Win32.ActiveCfg = Release|Win32
		{D83C6481-4E57-4156-97D0-51171945BD5F}.Release_Server_Windy|Win32.Build.0 = Release|Win32
		{D83C6481-4E57-4156-97D0-51171945BD5F}.Release_Server_Windy|x64.ActiveCfg = Release|Win32
		{D83C6481-4E57-4156-97D0-51171945BD5F}.Release_Windy|Win32.ActiveCfg = Release|Win32
		{D83C6481-4E57-4156-97D0-51171945BD5F}.Release_Windy|Win32.Build.0 = Release|Win32
		{D83C6481-4E57-4156-97D0-51171945BD5F}.Release_Windy|x64.ActiveCfg = Release|Win32
		{D83C6481-4E57-4156-97D0-51171945BD5F}.Release|Win32.ActiveCfg = Release|Win32
		{D83C6481-4E57-4156-97D0-51171945BD5F}.Release|Win32.Build.0 = Release|Win32
		{D83C6481-4E57-4156-97D0-51171945BD5F}.Release|x64.ActiveCfg = Release|Win32
		{D83C6481-4E57-4156-97D0-51171945BD5F}.Template|Win32.ActiveCfg = Release|Win32
		{D83C6481-4E57-4156-97D0-51171945BD5F}.Template|Win32.Build.0 = Release|Win32
		{D83C6481-4E57-4156-97D0-51171945BD5F}.Template|x64.ActiveCfg = Release|Win32
		{95E68D5D-6684-463B-A001-67C014D1C0DD}.Debug_CLR|Win32.ActiveCfg = Debug|Win32
		{95E68D5D-6684-463B-A001-67C014D1C0DD}.Debug_CLR|Win32.Build.0 = Debug|Win32
		{95E68D5D-6684-463B-A001-67C014D1C0DD}.Debug_CLR|x64.ActiveCfg = Debug|Win32
		{95E68D5D-6684-463B-A001-67C014D1C0DD}.Debug_Package|Win32.ActiveCfg = Debug|Win32
		{95E68D5D-6684-463B-A001-67C014D1C0DD}.Debug_Package|Win32.Build.0 = Debug|Win32
		{95E68D5D-6684-463B-A001-67C014D1C0DD}.Debug_Package|x64.ActiveCfg = Debug|Win32
		{95E68D5D-6684-463B-A001-67C014D1C0DD}.Debug_Profile|Win32.ActiveCfg = Debug|Win32
		{95E68D5D-6684-463B-A001-67C014D1C0DD}.Debug_Profile|Win32.Build.0 = Debug|Win32
		{95E68D5D-6684-463B-A001-67C014D1C0DD}.Debug_Profile|x64.ActiveCfg = Debug|Win32
		{95E68D5D-6684-463B-A001-67C014D1C0DD}.Debug_Server_Windy|Win32.ActiveCfg = Debug|Win32
		{95E68D5D-6684-463B-A001-67C014D1C0DD}.Debug_Server_Windy|Win32.Build.0 = Debug|Win32
		{95E68D5D-6684-463B-A001-67C014D1C0DD}.Debug_Server_Windy|x64.ActiveCfg = Debug|Win32
		{95E68D5D-6684-463B-A001-67C014D1C0DD}.Debug_Windy|Win32.ActiveCfg = Debug|Win32
		{95E68D5D-6684-463B-A001-67C014D1C0DD}.Debug_Windy|Win32.Build.0 = Debug|Win32
		{95E68D5D-6684-463B-A001-67C014D1C0DD}.Debug_Windy|x64.ActiveCfg = Debug|Win32
		{95E68D5D-6684-463B-A001-67C014D1C0DD}.Debug|Win32.ActiveCfg = Debug|Win32
		{95E68D5D-6684-463B-A001-67C014D1C0DD}.Debug|Win32.Build.0 = Debug|Win32
		{95E68D5D-6684-463B-A001-67C014D1C0DD}.Debug|x64.ActiveCfg = Debug|Win32
		{95E68D5D-6684-463B-A001-67C014D1C0DD}.Hybrid|Win32.ActiveCfg = Release|Win32
		{95E68D5D-6684-463B-A001-67C014D1C0DD}.Hybrid|Win32.Build.0 = Release|Win32
		{95E68D5D-6684-463B-A001-67C014D1C0DD}.Hybrid|x64.ActiveCfg = Release|Win32
		{95E68D5D-6684-463B-A001-67C014D1C0DD}.Release_CLR|Win32.ActiveCfg = Release|Win32
		{95E68D5D-6684-463B-A001-67C014D1C0DD}.Release_CLR|Win32.Build.0 = Release|Win32
		{95E68D5D-6684-463B-A001-67C014D1C0DD}.Release_CLR|x64.ActiveCfg = Release|Win32
		{95E68D5D-6684-463B-A001-67C014D1C0DD}.Release_Package|Win32.ActiveCfg = Release|Win32
		{95E68D5D-6684-463B-A001-67C014D1C0DD}.Release_Package|Win32.Build.0 = Release|Win32
		{95E68D5D-6684-463B-A001-67C014D1C0DD}.Release_Package|x64.ActiveCfg = Release|Win32
		{95E68D5D-6684-463B-A001-67C014D1C0DD}.Release_Profile|Win32.ActiveCfg = Release|Win32
		{95E68D5D-6684-463B-A001-67C014D1C0DD}.Release_Profile|Win32.Build.0 = Release|Win32
		{95E68D5D-6684-463B-A001-67C014D1C0DD}.Release_Profile|x64.ActiveCfg = Release|Win32
		{95E68D5D-6684-463B-A001-67C014D1C0DD}.Release_Server_Windy|Win32.ActiveCfg = Release|Win32
		{95E68D5D-6684-463B-A001-67C014D1C0DD}.Release_Server_Windy|Win32.Build.0 = Release|Win32
		{95E68D5D-6684-463B-A001-67C014D1C0DD}.Release_Server_Windy|x64.ActiveCfg = Release|Win32
		{95E68D5D-6684-463B-A001-67C014D1C0DD}.Release_Windy|Win32.ActiveCfg = Release|Win32
		{95E68D5D-6684-463B-A001-67C014D1C0DD}.Release_Windy|Win32.Build.0 = Release|Win32
		{95E68D5D-6684-463B-A001-67C014D1C0DD}.Release_Windy|x64.ActiveCfg = Release|Win32
		{95E68D5D-6684-463B-A001-67C014D1C0DD}.Release|Win32.ActiveCfg = Release|Win32
		{95E68D5D-6684-463B-A001-67C014D1C0DD}.Release|Win32.Build.0 = Release|Win32
		{95E68D5D-6684-463B-A001-67C014D1C0DD}.Release|x64.ActiveCfg = Release|Win32
		{95E68D5D-6684-463B-A001-67C014D1C0DD}.Template|Win32.ActiveCfg = Release|Win32
		{95E68D5D-6684-463B-A001-67C014D1C0DD}.Template|Win32.Build.0 = Release|Win32
		{95E68D5D-6684-463B-A001-67C014D1C0DD}.Template|x64.ActiveCfg = Release|Win32
		{AC5BD758-2020-4341-8942-468661E587F6}.Debug_CLR|Win32.ActiveCfg = Debug_CLR|Win32
		{AC5BD758-2020-4341-8942-468661E587F6}.Debug_CLR|Win32.Build.0 = Debug_CLR|Win32
		{AC5BD758-2020-4341-8942-468661E587F6}.Debug_CLR|x64.ActiveCfg = Debug_CLR|x64
		{AC5BD758-2020-4341-8942-468661E587F6}.Debug_CLR|x64.Build.0 = Debug_CLR|x64
		{AC5BD758-2020-4341-8942-468661E587F6}.Debug_Package|Win32.ActiveCfg = Debug_Package|Win32
		{AC5BD758-2020-4341-8942-468661E587F6}.Debug_Package|Win32.Build.0 = Debug_Package|Win32
		{AC5BD758-2020-4341-8942-468661E587F6}.Debug_Package|x64.ActiveCfg = Debug_Package|x64
		{AC5BD758-2020-4341-8942-468661E587F6}.Debug_Package|x64.Build.0 = Debug_Package|x64
		{AC5BD758-2020-4341-8942-468661E587F6}.Debug_Profile|Win32.ActiveCfg = Debug_Package|x64
		{AC5BD758-2020-4341-8942-468661E587F6}.Debug_Profile|x64.ActiveCfg = Debug_Package|x64
		{AC5BD758-2020-4341-8942-468661E587F6}.Debug_Profile|x64.Build.0 = Debug_Package|x64
		{AC5BD758-2020-4341-8942-468661E587F6}.Debug_Server_Windy|Win32.ActiveCfg = Debug_Server_Windy|Win32
		{AC5BD758-2020-4341-8942-468661E587F6}.Debug_Server_Windy|Win32.Build.0 = Debug_Server_Windy|Win32
		{AC5BD758-2020-4341-8942-468661E587F6}.Debug_Server_Windy|x64.ActiveCfg = Debug_Server_Windy|x64
		{AC5BD758-2020-4341-8942-468661E587F6}.Debug_Server_Windy|x64.Build.0 = Debug_Server_Windy|x64
		{AC5BD758-2020-4341-8942-468661E587F6}.Debug_Windy|Win32.ActiveCfg = Debug_Windy|Win32
		{AC5BD758-2020-4341-8942-468661E587F6}.Debug_Windy|Win32.Build.0 = Debug_Windy|Win32
		{AC5BD758-2020-4341-8942-468661E587F6}.Debug_Windy|x64.ActiveCfg = Debug_Windy|x64
		{AC5BD758-2020-4341-8942-468661E587F6}.Debug_Windy|x64.Build.0 = Debug_Windy|x64
		{AC5BD758-2020-4341-8942-468661E587F6}.Debug|Win32.ActiveCfg = Debug|Win32
		{AC5BD758-2020-4341-8942-468661E587F6}.Debug|Win32.Build.0 = Debug|Win32
		{AC5BD758-2020-4341-8942-468661E587F6}.Debug|x64.ActiveCfg = Debug|x64
		{AC5BD758-2020-4341-8942-468661E587F6}.Debug|x64.Build.0 = Debug|x64
		{AC5BD758-2020-4341-8942-468661E587F6}.Hybrid|Win32.ActiveCfg = Release|x64
		{AC5BD758-2020-4341-8942-468661E587F6}.Hybrid|x64.ActiveCfg = Release|x64
		{AC5BD758-2020-4341-8942-468661E587F6}.Hybrid|x64.Build.0 = Release|x64
		{AC5BD758-2020-4341-8942-468661E587F6}.Release_CLR|Win32.ActiveCfg = Release_CLR|Win32
		{AC5BD758-2020-4341-8942-468661E587F6}.Release_CLR|Win32.Build.0 = Release_CLR|Win32
		{AC5BD758-2020-4341-8942-468661E587F6}.Release_CLR|x64.ActiveCfg = Release_CLR|x64
		{AC5BD758-2020-4341-8942-468661E587F6}.Release_CLR|x64.Build.0 = Release_CLR|x64
		{AC5BD758-2020-4341-8942-468661E587F6}.Release_Package|Win32.ActiveCfg = Release_Package|Win32
		{AC5BD758-2020-4341-8942-468661E587F6}.Release_Package|Win32.Build.0 = Release_Package|Win32
		{AC5BD758-2020-4341-8942-468661E587F6}.Release_Package|x64.ActiveCfg = Release_Package|x64
		{AC5BD758-2020-4341-8942-468661E587F6}.Release_Package|x64.Build.0 = Release_Package|x64
		{AC5BD758-2020-4341-8942-468661E587F6}.Release_Profile|Win32.ActiveCfg = Release_Package|x64
		{AC5BD758-2020-4341-8942-468661E587F6}.Release_Profile|x64.ActiveCfg = Release_Package|x64
		{AC5BD758-2020-4341-8942-468661E587F6}.Release_Profile|x64.Build.0 = Release_Package|x64
		{AC5BD758-2020-4341-8942-468661E587F6}.Release_Server_Windy|Win32.ActiveCfg = Release_Server_Windy|Win32
		{AC5BD758-2020-4341-8942-468661E587F6}.Release_Server_Windy|Win32.Build.0 = Release_Server_Windy|Win32
		{AC5BD758-2020-4341-8942-468661E587F6}.Release_Server_Windy|x64.ActiveCfg = Release_Server_Windy|x64
		{AC5BD758-2020-4341-8942-468661E587F6}.Release_Server_Windy|x64.Build.0 = Release_Server_Windy|x64
		{AC5BD758-2020-4341-8942-468661E587F6}.Release_Windy|Win32.ActiveCfg = Release_Windy|Win32
		{AC5BD758-2020-4341-8942-468661E587F6}.Release_Windy|Win32.Build.0 = Release_Windy|Win32
		{AC5BD758-2020-4341-8942-468661E587F6}.Release_Windy|x64.ActiveCfg = Release_Windy|x64
		{AC5BD758-2020-4341-8942-468661E587F6}.Release_Windy|x64.Build.0 = Release_Windy|x64
		{AC5BD758-2020-4341-8942-468661E587F6}.Release|Win32.ActiveCfg = Release|Win32
		{AC5BD758-2020-4341-8942-468661E587F6}.Release|Win32.Build.0 = Release|Win32
		{AC5BD758-2020-4341-8942-468661E587F6}.Release|x64.ActiveCfg = Release|x64
		{AC5BD758-2020-4341-8942-468661E587F6}.Release|x64.Build.0 = Release|x64
		{AC5BD758-2020-4341-8942-468661E587F6}.Template|Win32.ActiveCfg = Release|x64
		{AC5BD758-2020-4341-8942-468661E587F6}.Template|x64.ActiveCfg = Release|x64
		{AC5BD758-2020-4341-8942-468661E587F6}.Template|x64.Build.0 = Release|x64
		{FE94C767-C65B-4044-9CA8-6170D4E552C3}.Debug_CLR|Win32.ActiveCfg = Debug|Win32
		{FE94C767-C65B-4044-9CA8-6170D4E552C3}.Debug_CLR|Win32.Build.0 = Debug|Win32
		{FE94C767-C65B-4044-9CA8-6170D4E552C3}.Debug_CLR|x64.ActiveCfg = Debug|Win32
		{FE94C767-C65B-4044-9CA8-6170D4E552C3}.Debug_Package|Win32.ActiveCfg = Debug|Win32
		{FE94C767-C65B-4044-9CA8-6170D4E552C3}.Debug_Package|Win32.Build.0 = Debug|Win32
		{FE94C767-C65B-4044-9CA8-6170D4E552C3}.Debug_Package|x64.ActiveCfg = Debug|Win32
		{FE94C767-C65B-4044-9CA8-6170D4E552C3}.Debug_Profile|Win32.ActiveCfg = Debug|Win32
		{FE94C767-C65B-4044-9CA8-6170D4E552C3}.Debug_Profile|Win32.Build.0 = Debug|Win32
		{FE94C767-C65B-4044-9CA8-6170D4E552C3}.Debug_Profile|x64.ActiveCfg = Debug|Win32
		{FE94C767-C65B-4044-9CA8-6170D4E552C3}.Debug_Server_Windy|Win32.ActiveCfg = Debug|Win32
		{FE94C767-C65B-4044-9CA8-6170D4E552C3}.Debug_Server_Windy|Win32.Build.0 = Debug|Win32
		{FE94C767-C65B-4044-9CA8-6170D4E552C3}.Debug_Server_Windy|x64.ActiveCfg = Debug|Win32
		{FE94C767-C65B-4044-9CA8-6170D4E552C3}.Debug_Windy|Win32.ActiveCfg = Debug|Win32
		{FE94C767-C65B-4044-9CA8-6170D4E552C3}.Debug_Windy|Win32.Build.0 = Debug|Win32
		{FE94C767-C65B-4044-9CA8-6170D4E552C3}.Debug_Windy|x64.ActiveCfg = Debug|Win32
		{FE94C767-C65B-4044-9CA8-6170D4E552C3}.Debug|Win32.ActiveCfg = Debug|Win32
		{FE94C767-C65B-4044-9CA8-6170D4E552C3}.Debug|Win32.Build.0 = Debug|Win32
		{FE94C767-C65B-4044-9CA8-6170D4E552C3}.Debug|x64.ActiveCfg = Debug|Win32
		{FE94C767-C65B-4044-9CA8-6170D4E552C3}.Hybrid|Win32.ActiveCfg = Release|Win32
		{FE94C767-C65B-4044-9CA8-6170D4E552C3}.Hybrid|Win32.Build.0 = Release|Win32
		{FE94C767-C65B-4044-9CA8-6170D4E552C3}.Hybrid|x64.ActiveCfg = Release|Win32
		{FE94C767-C65B-4044-9CA8-6170D4E552C3}.Release_CLR|Win32.ActiveCfg = Release|Win32
		{FE94C767-C65B-4044-9CA8-6170D4E552C3}.Release_CLR|Win32.Build.0 = Release|Win32
		{FE94C767-C65B-4044-9CA8-6170D4E552C3}.Release_CLR|x64.ActiveCfg = Release|Win32
		{FE94C767-C65B-4044-9CA8-6170D4E552C3}.Release_Package|Win32.ActiveCfg = Release|Win32
		{FE94C767-C65B-4044-9CA8-6170D4E552C3}.Release_Package|Win32.Build.0 = Release|Win32
		{FE94C767-C65B-4044-9CA8-6170D4E552C3}.Release_Package|x64.ActiveCfg = Release|Win32
		{FE94C767-C65B-4044-9CA8-6170D4E552C3}.Release_Profile|Win32.ActiveCfg = Release|Win32
		{FE94C767-C65B-4044-9CA8-6170D4E552C3}.Release_Profile|Win32.Build.0 = Release|Win32
		{FE94C767-C65B-4044-9CA8-6170D4E552C3}.Release_Profile|x64.ActiveCfg = Release|Win32
		{FE94C767-C65B-4044-9CA8-6170D4E552C3}.Release_Server_Windy|Win32.ActiveCfg = Release|Win32
		{FE94C767-C65B-4044-9CA8-6170D4E552C3}.Release_Server_Windy|Win32.Build.0 = Release|Win32
		{FE94C767-C65B-4044-9CA8-6170D4E552C3}.Release_Server_Windy|x64.ActiveCfg = Release|Win32
		{FE94C767-C65B-4044-9CA8-6170D4E552C3}.Release_Windy|Win32.ActiveCfg = Release|Win32
		{FE94C767-C65B-4044-9CA8-6170D4E552C3}.Release_Windy|Win32.Build.0 = Release|Win32
		{FE94C767-C65B-4044-9CA8-6170D4E552C3}.Release_Windy|x64.ActiveCfg = Release|Win32
		{FE94C767-C65B-4044-9CA8-6170D4E552C3}.Release|Win32.ActiveCfg = Release|Win32
		{FE94C767-C65B-4044-9CA8-6170D4E552C3}.Release|Win32.Build.0 = Release|Win32
		{FE94C767-C65B-4044-9CA8-6170D4E552C3}.Release|x64.ActiveCfg = Release|Win32
		{FE94C767-C65B-4044-9CA8-6170D4E552C3}.Template|Win32.ActiveCfg = Release|Win32
		{FE94C767-C65B-4044-9CA8-6170D4E552C3}.Template|Win32.Build.0 = Release|Win32
		{FE94C767-C65B-4044-9CA8-6170D4E552C3}.Template|x64.ActiveCfg = Release|Win32
		{B5A12A66-B459-457B-AC22-09891FB6DB5F}.Debug_CLR|Win32.ActiveCfg = Debug_CLR|Win32
		{B5A12A66-B459-457B-AC22-09891FB6DB5F}.Debug_CLR|Win32.Build.0 = Debug_CLR|Win32
		{B5A12A66-B459-457B-AC22-09891FB6DB5F}.Debug_CLR|x64.ActiveCfg = Debug_CLR|x64
		{B5A12A66-B459-457B-AC22-09891FB6DB5F}.Debug_CLR|x64.Build.0 = Debug_CLR|x64
		{B5A12A66-B459-457B-AC22-09891FB6DB5F}.Debug_Package|Win32.ActiveCfg = Debug_Package|Win32
		{B5A12A66-B459-457B-AC22-09891FB6DB5F}.Debug_Package|Win32.Build.0 = Debug_Package|Win32
		{B5A12A66-B459-457B-AC22-09891FB6DB5F}.Debug_Package|x64.ActiveCfg = Debug_Package|x64
		{B5A12A66-B459-457B-AC22-09891FB6DB5F}.Debug_Package|x64.Build.0 = Debug_Package|x64
		{B5A12A66-B459-457B-AC22-09891FB6DB5F}.Debug_Profile|Win32.ActiveCfg = Debug_Profile|Win32
		{B5A12A66-B459-457B-AC22-09891FB6DB5F}.Debug_Profile|Win32.Build.0 = Debug_Profile|Win32
		{B5A12A66-B459-457B-AC22-09891FB6DB5F}.Debug_Profile|x64.ActiveCfg = Debug_Profile|x64
		{B5A12A66-B459-457B-AC22-09891FB6DB5F}.Debug_Profile|x64.Build.0 = Debug_Profile|x64
		{B5A12A66-B459-457B-AC22-09891FB6DB5F}.Debug_Server_Windy|Win32.ActiveCfg = Debug_Server_Windy|Win32
		{B5A12A66-B459-457B-AC22-09891FB6DB5F}.Debug_Server_Windy|Win32.Build.0 = Debug_Server_Windy|Win32
		{B5A12A66-B459-457B-AC22-09891FB6DB5F}.Debug_Server_Windy|x64.ActiveCfg = Debug_Server_Windy|x64
		{B5A12A66-B459-457B-AC22-09891FB6DB5F}.Debug_Server_Windy|x64.Build.0 = Debug_Server_Windy|x64
		{B5A12A66-B459-457B-AC22-09891FB6DB5F}.Debug_Windy|Win32.ActiveCfg = Debug_Windy|Win32
		{B5A12A66-B459-457B-AC22-09891FB6DB5F}.Debug_Windy|Win32.Build.0 = Debug_Windy|Win32
		{B5A12A66-B459-457B-AC22-09891FB6DB5F}.Debug_Windy|x64.ActiveCfg = Debug_Windy|x64
		{B5A12A66-B459-457B-AC22-09891FB6DB5F}.Debug_Windy|x64.Build.0 = Debug_Windy|x64
		{B5A12A66-B459-457B-AC22-09891FB6DB5F}.Debug|Win32.ActiveCfg = Debug|Win32
		{B5A12A66-B459-457B-AC22-09891FB6DB5F}.Debug|Win32.Build.0 = Debug|Win32
		{B5A12A66-B459-457B-AC22-09891FB6DB5F}.Debug|x64.ActiveCfg = Debug|x64
		{B5A12A66-B459-457B-AC22-09891FB6DB5F}.Debug|x64.Build.0 = Debug|x64
		{B5A12A66-B459-457B-AC22-09891FB6DB5F}.Hybrid|Win32.ActiveCfg = Template|x64
		{B5A12A66-B459-457B-AC22-09891FB6DB5F}.Hybrid|x64.ActiveCfg = Template|x64
		{B5A12A66-B459-457B-AC22-09891FB6DB5F}.Hybrid|x64.Build.0 = Template|x64
		{B5A12A66-B459-457B-AC22-09891FB6DB5F}.Release_CLR|Win32.ActiveCfg = Release_CLR|Win32
		{B5A12A66-B459-457B-AC22-09891FB6DB5F}.Release_CLR|Win32.Build.0 = Release_CLR|Win32
		{B5A12A66-B459-457B-AC22-09891FB6DB5F}.Release_CLR|x64.ActiveCfg = Release_CLR|x64
		{B5A12A66-B459-457B-AC22-09891FB6DB5F}.Release_CLR|x64.Build.0 = Release_CLR|x64
		{B5A12A66-B459-457B-AC22-09891FB6DB5F}.Release_Package|Win32.ActiveCfg = Release_Package|Win32
		{B5A12A66-B459-457B-AC22-09891FB6DB5F}.Release_Package|Win32.Build.0 = Release_Package|Win32
		{B5A12A66-B459-457B-AC22-09891FB6DB5F}.Release_Package|x64.ActiveCfg = Release_Package|x64
		{B5A12A66-B459-457B-AC22-09891FB6DB5F}.Release_Package|x64.Build.0 = Release_Package|x64
		{B5A12A66-B459-457B-AC22-09891FB6DB5F}.Release_Profile|Win32.ActiveCfg = Release_Profile|Win32
		{B5A12A66-B459-457B-AC22-09891FB6DB5F}.Release_Profile|Win32.Build.0 = Release_Profile|Win32
		{B5A12A66-B459-457B-AC22-09891FB6DB5F}.Release_Profile|x64.ActiveCfg = Release_Profile|x64
		{B5A12A66-B459-457B-AC22-09891FB6DB5F}.Release_Profile|x64.Build.0 = Release_Profile|x64
		{B5A12A66-B459-457B-AC22-09891FB6DB5F}.Release_Server_Windy|Win32.ActiveCfg = Release_Server_Windy|Win32
		{B5A12A66-B459-457B-AC22-09891FB6DB5F}.Release_Server_Windy|Win32.Build.0 = Release_Server_Windy|Win32
		{B5A12A66-B459-457B-AC22-09891FB6DB5F}.Release_Server_Windy|x64.ActiveCfg = Release_Server_Windy|x64
		{B5A12A66-B459-457B-AC22-09891FB6DB5F}.Release_Server_Windy|x64.Build.0 = Release_Server_Windy|x64
		{B5A12A66-B459-457B-AC22-09891FB6DB5F}.Release_Windy|Win32.ActiveCfg = Release_Windy|Win32
		{B5A12A66-B459-457B-AC22-09891FB6DB5F}.Release_Windy|Win32.Build.0 = Release_Windy|Win32
		{B5A12A66-B459-457B-AC22-09891FB6DB5F}.Release_Windy|x64.ActiveCfg = Release_Windy|x64
		{B5A12A66-B459-457B-AC22-09891FB6DB5F}.Release_Windy|x64.Build.0 = Release_Windy|x64
		{B5A12A66-B459-457B-AC22-09891FB6DB5F}.Release|Win32.ActiveCfg = Release|Win32
		{B5A12A66-B459-457B-AC22-09891FB6DB5F}.Release|Win32.Build.0 = Release|Win32
		{B5A12A66-B459-457B-AC22-09891FB6DB5F}.Release|x64.ActiveCfg = Release|x64
		{B5A12A66-B459-457B-AC22-09891FB6DB5F}.Release|x64.Build.0 = Release|x64
		{B5A12A66-B459-457B-AC22-09891FB6DB5F}.Template|Win32.ActiveCfg = Template|Win32
		{B5A12A66-B459-457B-AC22-09891FB6DB5F}.Template|Win32.Build.0 = Template|Win32
		{B5A12A66-B459-457B-AC22-09891FB6DB5F}.Template|x64.ActiveCfg = Template|x64
		{B5A12A66-B459-457B-AC22-09891FB6DB5F}.Template|x64.Build.0 = Template|x64
		{9E62C311-734B-49CF-92D0-AC8466BE68C8}.Debug_CLR|Win32.ActiveCfg = Debug_CLR|Win32
		{9E62C311-734B-49CF-92D0-AC8466BE68C8}.Debug_CLR|Win32.Build.0 = Debug_CLR|Win32
		{9E62C311-734B-49CF-92D0-AC8466BE68C8}.Debug_CLR|x64.ActiveCfg = Debug_CLR|Win32
		{9E62C311-734B-49CF-92D0-AC8466BE68C8}.Debug_Package|Win32.ActiveCfg = Debug_Package|Win32
		{9E62C311-734B-49CF-92D0-AC8466BE68C8}.Debug_Package|Win32.Build.0 = Debug_Package|Win32
		{9E62C311-734B-49CF-92D0-AC8466BE68C8}.Debug_Package|x64.ActiveCfg = Debug_Package|Win32
		{9E62C311-734B-49CF-92D0-AC8466BE68C8}.Debug_Profile|Win32.ActiveCfg = Debug_Package|Win32
		{9E62C311-734B-49CF-92D0-AC8466BE68C8}.Debug_Profile|Win32.Build.0 = Debug_Package|Win32
		{9E62C311-734B-49CF-92D0-AC8466BE68C8}.Debug_Profile|x64.ActiveCfg = Debug_Package|Win32
		{9E62C311-734B-49CF-92D0-AC8466BE68C8}.Debug_Server_Windy|Win32.ActiveCfg = Debug_Windy|Win32
		{9E62C311-734B-49CF-92D0-AC8466BE68C8}.Debug_Server_Windy|Win32.Build.0 = Debug_Windy|Win32
		{9E62C311-734B-49CF-92D0-AC8466BE68C8}.Debug_Server_Windy|x64.ActiveCfg = Debug_Windy|Win32
		{9E62C311-734B-49CF-92D0-AC8466BE68C8}.Debug_Windy|Win32.ActiveCfg = Debug_Windy|Win32
		{9E62C311-734B-49CF-92D0-AC8466BE68C8}.Debug_Windy|Win32.Build.0 = Debug_Windy|Win32
		{9E62C311-734B-49CF-92D0-AC8466BE68C8}.Debug_Windy|x64.ActiveCfg = Debug_Windy|Win32
		{9E62C311-734B-49CF-92D0-AC8466BE68C8}.Debug|Win32.ActiveCfg = Debug|Win32
		{9E62C311-734B-49CF-92D0-AC8466BE68C8}.Debug|Win32.Build.0 = Debug|Win32
		{9E62C311-734B-49CF-92D0-AC8466BE68C8}.Debug|x64.ActiveCfg = Debug|Win32
		{9E62C311-734B-49CF-92D0-AC8466BE68C8}.Hybrid|Win32.ActiveCfg = Release|Win32
		{9E62C311-734B-49CF-92D0-AC8466BE68C8}.Hybrid|Win32.Build.0 = Release|Win32
		{9E62C311-734B-49CF-92D0-AC8466BE68C8}.Hybrid|x64.ActiveCfg = Release|Win32
		{9E62C311-734B-49CF-92D0-AC8466BE68C8}.Release_CLR|Win32.ActiveCfg = Release_CLR|Win32
		{9E62C311-734B-49CF-92D0-AC8466BE68C8}.Release_CLR|Win32.Build.0 = Release_CLR|Win32
		{9E62C311-734B-49CF-92D0-AC8466BE68C8}.Release_CLR|x64.ActiveCfg = Release_CLR|Win32
		{9E62C311-734B-49CF-92D0-AC8466BE68C8}.Release_Package|Win32.ActiveCfg = Release_Package|Win32
		{9E62C311-734B-49CF-92D0-AC8466BE68C8}.Release_Package|Win32.Build.0 = Release_Package|Win32
		{9E62C311-734B-49CF-92D0-AC8466BE68C8}.Release_Package|x64.ActiveCfg = Release_Package|Win32
		{9E62C311-734B-49CF-92D0-AC8466BE68C8}.Release_Profile|Win32.ActiveCfg = Release_Package|Win32
		{9E62C311-734B-49CF-92D0-AC8466BE68C8}.Release_Profile|Win32.Build.0 = Release_Package|Win32
		{9E62C311-734B-49CF-92D0-AC8466BE68C8}.Release_Profile|x64.ActiveCfg = Release_Package|Win32
		{9E62C311-734B-49CF-92D0-AC8466BE68C8}.Release_Server_Windy|Win32.ActiveCfg = Release_Windy|Win32
		{9E62C311-734B-49CF-92D0-AC8466BE68C8}.Release_Server_Windy|Win32.Build.0 = Release_Windy|Win32
		{9E62C311-734B-49CF-92D0-AC8466BE68C8}.Release_Server_Windy|x64.ActiveCfg = Release_Windy|Win32
		{9E62C311-734B-49CF-92D0-AC8466BE68C8}.Release_Windy|Win32.ActiveCfg = Release_Windy|Win32
		{9E62C311-734B-49CF-92D0-AC8466BE68C8}.Release_Windy|Win32.Build.0 = Release_Windy|Win32
		{9E62C311-734B-49CF-92D0-AC8466BE68C8}.Release_Windy|x64.ActiveCfg = Release_Windy|Win32
		{9E62C311-734B-49CF-92D0-AC8466BE68C8}.Release|Win32.ActiveCfg = Release|Win32
		{9E62C311-734B-49CF-92D0-AC8466BE68C8}.Release|Win32.Build.0 = Release|Win32
		{9E62C311-734B-49CF-92D0-AC8466BE68C8}.Release|x64.ActiveCfg = Release|Win32
		{9E62C311-734B-49CF-92D0-AC8466BE68C8}.Template|Win32.ActiveCfg = Release|Win32
		{9E62C311-734B-49CF-92D0-AC8466BE68C8}.Template|Win32.Build.0 = Release|Win32
		{9E62C311-734B-49CF-92D0-AC8466BE68C8}.Template|x64.ActiveCfg = Release|Win32
		{9E049CDD-93D2-4AF6-935E-F8D4A5B3A8A7}.Debug_CLR|Win32.ActiveCfg = Debug_CLR|Win32
		{9E049CDD-93D2-4AF6-935E-F8D4A5B3A8A7}.Debug_CLR|Win32.Build.0 = Debug_CLR|Win32
		{9E049CDD-93D2-4AF6-935E-F8D4A5B3A8A7}.Debug_CLR|x64.ActiveCfg = Debug_CLR|x64
		{9E049CDD-93D2-4AF6-935E-F8D4A5B3A8A7}.Debug_CLR|x64.Build.0 = Debug_CLR|x64
		{9E049CDD-93D2-4AF6-935E-F8D4A5B3A8A7}.Debug_Package|Win32.ActiveCfg = Debug_Package|Win32
		{9E049CDD-93D2-4AF6-935E-F8D4A5B3A8A7}.Debug_Package|Win32.Build.0 = Debug_Package|Win32
		{9E049CDD-93D2-4AF6-935E-F8D4A5B3A8A7}.Debug_Package|x64.ActiveCfg = Debug_Package|x64
		{9E049CDD-93D2-4AF6-935E-F8D4A5B3A8A7}.Debug_Package|x64.Build.0 = Debug_Package|x64
		{9E049CDD-93D2-4AF6-935E-F8D4A5B3A8A7}.Debug_Profile|Win32.ActiveCfg = Debug_Package|x64
		{9E049CDD-93D2-4AF6-935E-F8D4A5B3A8A7}.Debug_Profile|x64.ActiveCfg = Debug_Package|x64
		{9E049CDD-93D2-4AF6-935E-F8D4A5B3A8A7}.Debug_Profile|x64.Build.0 = Debug_Package|x64
		{9E049CDD-93D2-4AF6-935E-F8D4A5B3A8A7}.Debug_Server_Windy|Win32.ActiveCfg = Debug_Server_Windy|Win32
		{9E049CDD-93D2-4AF6-935E-F8D4A5B3A8A7}.Debug_Server_Windy|Win32.Build.0 = Debug_Server_Windy|Win32
		{9E049CDD-93D2-4AF6-935E-F8D4A5B3A8A7}.Debug_Server_Windy|x64.ActiveCfg = Debug_Server_Windy|x64
		{9E049CDD-93D2-4AF6-935E-F8D4A5B3A8A7}.Debug_Server_Windy|x64.Build.0 = Debug_Server_Windy|x64
		{9E049CDD-93D2-4AF6-935E-F8D4A5B3A8A7}.Debug_Windy|Win32.ActiveCfg = Debug_Windy|Win32
		{9E049CDD-93D2-4AF6-935E-F8D4A5B3A8A7}.Debug_Windy|Win32.Build.0 = Debug_Windy|Win32
		{9E049CDD-93D2-4AF6-935E-F8D4A5B3A8A7}.Debug_Windy|x64.ActiveCfg = Debug_Windy|x64
		{9E049CDD-93D2-4AF6-935E-F8D4A5B3A8A7}.Debug_Windy|x64.Build.0 = Debug_Windy|x64
		{9E049CDD-93D2-4AF6-935E-F8D4A5B3A8A7}.Debug|Win32.ActiveCfg = Debug|Win32
		{9E049CDD-93D2-4AF6-935E-F8D4A5B3A8A7}.Debug|Win32.Build.0 = Debug|Win32
		{9E049CDD-93D2-4AF6-935E-F8D4A5B3A8A7}.Debug|x64.ActiveCfg = Debug|x64
		{9E049CDD-93D2-4AF6-935E-F8D4A5B3A8A7}.Debug|x64.Build.0 = Debug|x64
		{9E049CDD-93D2-4AF6-935E-F8D4A5B3A8A7}.Hybrid|Win32.ActiveCfg = Release|x64
		{9E049CDD-93D2-4AF6-935E-F8D4A5B3A8A7}.Hybrid|x64.ActiveCfg = Release|x64
		{9E049CDD-93D2-4AF6-935E-F8D4A5B3A8A7}.Hybrid|x64.Build.0 = Release|x64
		{9E049CDD-93D2-4AF6-935E-F8D4A5B3A8A7}.Release_CLR|Win32.ActiveCfg = Release_CLR|Win32
		{9E049CDD-93D2-4AF6-935E-F8D4A5B3A8A7}.Release_CLR|Win32.Build.0 = Release_CLR|Win32
		{9E049CDD-93D2-4AF6-935E-F8D4A5B3A8A7}.Release_CLR|x64.ActiveCfg = Release_CLR|x64
		{9E049CDD-93D2-4AF6-935E-F8D4A5B3A8A7}.Release_CLR|x64.Build.0 = Release_CLR|x64
		{9E049CDD-93D2-4AF6-935E-F8D4A5B3A8A7}.Release_Package|Win32.ActiveCfg = Release_Package|Win32
		{9E049CDD-93D2-4AF6-935E-F8D4A5B3A8A7}.Release_Package|Win32.Build.0 = Release_Package|Win32
		{9E049CDD-93D2-4AF6-935E-F8D4A5B3A8A7}.Release_Package|x64.ActiveCfg = Release_Package|x64
		{9E049CDD-93D2-4AF6-935E-F8D4A5B3A8A7}.Release_Package|x64.Build.0 = Release_Package|x64
		{9E049CDD-93D2-4AF6-935E-F8D4A5B3A8A7}.Release_Profile|Win32.ActiveCfg = Release_Package|x64
		{9E049CDD-93D2-4AF6-935E-F8D4A5B3A8A7}.Release_Profile|x64.ActiveCfg = Release_Package|x64
		{9E049CDD-93D2-4AF6-935E-F8D4A5B3A8A7}.Release_Profile|x64.Build.0 = Release_Package|x64
		{9E049CDD-93D2-4AF6-935E-F8D4A5B3A8A7}.Release_Server_Windy|Win32.ActiveCfg = Release_Server_Windy|Win32
		{9E049CDD-93D2-4AF6-935E-F8D4A5B3A8A7}.Release_Server_Windy|Win32.Build.0 = Release_Server_Windy|Win32
		{9E049CDD-93D2-4AF6-935E-F8D4A5B3A8A7}.Release_Server_Windy|x64.ActiveCfg = Release_Server_Windy|x64
		{9E049CDD-93D2-4AF6-935E-F8D4A5B3A8A7}.Release_Server_Windy|x64.Build.0 = Release_Server_Windy|x64
		{9E049CDD-93D2-4AF6-935E-F8D4A5B3A8A7}.Release_Windy|Win32.ActiveCfg = Release_Windy|Win32
		{9E049CDD-93D2-4AF6-935E-F8D4A5B3A8A7}.Release_Windy|Win32.Build.0 = Release_Windy|Win32
		{9E049CDD-93D2-4AF6-935E-F8D4A5B3A8A7}.Release_Windy|x64.ActiveCfg = Release_Windy|x64
		{9E049CDD-93D2-4AF6-935E-F8D4A5B3A8A7}.Release_Windy|x64.Build.0 = Release_Windy|x64
		{9E049CDD-93D2-4AF6-935E-F8D4A5B3A8A7}.Release|Win32.ActiveCfg = Release|Win32
		{9E049CDD-93D2-4AF6-935E-F8D4A5B3A8A7}.Release|Win32.Build.0 = Release|Win32
		{9E049CDD-93D2-4AF6-935E-F8D4A5B3A8A7}.Release|x64.ActiveCfg = Release|x64
		{9E049CDD-93D2-4AF6-935E-F8D4A5B3A8A7}.Release|x64.Build.0 = Release|x64
		{9E049CDD-93D2-4AF6-935E-F8D4A5B3A8A7}.Template|Win32.ActiveCfg = Release|x64
		{9E049CDD-93D2-4AF6-935E-F8D4A5B3A8A7}.Template|x64.ActiveCfg = Release|x64
		{9E049CDD-93D2-4AF6-935E-F8D4A5B3A8A7}.Template|x64.Build.0 = Release|x64
	EndGlobalSection
	GlobalSection(SolutionProperties) = preSolution
		HideSolutionNode = FALSE
	EndGlobalSection
EndGlobal
